# This is a Gradle generated file for dependency locking.
# Manual edits can break the build and are not advised.
# This file is expected to be part of source control.
ch.qos.reload4j:reload4j:1.2.22=testCompileClasspath,testRuntimeClasspath
com.fasterxml.jackson.core:jackson-annotations:2.16.1=rewrite
com.fasterxml.jackson.core:jackson-annotations:2.20=testCompileClasspath,testRuntimeClasspath
com.fasterxml.jackson.core:jackson-core:2.16.1=rewrite
com.fasterxml.jackson.core:jackson-core:2.20.1=testCompileClasspath,testRuntimeClasspath
com.fasterxml.jackson.core:jackson-databind:2.16.1=rewrite
com.fasterxml.jackson.core:jackson-databind:2.20.1=testCompileClasspath,testRuntimeClasspath
com.fasterxml.jackson.dataformat:jackson-dataformat-csv:2.16.1=rewrite
com.fasterxml.jackson.dataformat:jackson-dataformat-smile:2.16.1=rewrite
com.fasterxml.jackson.dataformat:jackson-dataformat-xml:2.16.1=rewrite
com.fasterxml.jackson.datatype:jackson-datatype-jdk8:2.16.1=rewrite
com.fasterxml.jackson.datatype:jackson-datatype-jsr310:2.16.1=rewrite
com.fasterxml.jackson.module:jackson-module-jaxb-annotations:2.16.1=rewrite
com.fasterxml.jackson.module:jackson-module-parameter-names:2.16.1=rewrite
com.fasterxml.jackson:jackson-bom:2.16.1=rewrite
com.fasterxml.jackson:jackson-bom:2.20.1=testCompileClasspath,testRuntimeClasspath
com.fasterxml.woodstox:woodstox-core:6.5.1=rewrite
com.fasterxml:classmate:1.5.1=compileClasspath,runtimeClasspath,testCompileClasspath,testRuntimeClasspath
com.github.ben-manes.caffeine:caffeine:2.9.3=rewrite
com.github.docker-java:docker-java-api:3.3.6=rewrite
com.github.docker-java:docker-java-transport-zerodep:3.3.6=rewrite
com.github.docker-java:docker-java-transport:3.3.6=rewrite
com.google.code.findbugs:jsr305:3.0.2=checkstyle
com.google.errorprone:error_prone_annotations:2.10.0=rewrite
com.google.errorprone:error_prone_annotations:2.26.1=checkstyle
com.google.guava:failureaccess:1.0.2=checkstyle
com.google.guava:guava:33.2.0-jre=checkstyle
com.google.guava:listenablefuture:9999.0-empty-to-avoid-conflict-with-guava=checkstyle
com.googlecode.javaewah:JavaEWAH:1.1.13=rewrite
com.puppycrawl.tools:checkstyle:10.17.0=checkstyle
com.squareup.okhttp3:mockwebserver:4.12.0=testCompileClasspath,testRuntimeClasspath
com.squareup.okhttp3:okhttp-tls:4.12.0=testCompileClasspath,testRuntimeClasspath
com.squareup.okhttp3:okhttp:4.12.0=compileClasspath,runtimeClasspath,testCompileClasspath,testRuntimeClasspath
com.squareup.okio:okio-jvm:3.6.0=compileClasspath,runtimeClasspath,testCompileClasspath,testRuntimeClasspath
com.squareup.okio:okio:3.6.0=compileClasspath,runtimeClasspath,testCompileClasspath,testRuntimeClasspath
commons-beanutils:commons-beanutils:1.9.4=checkstyle
commons-codec:commons-codec:1.15=checkstyle
commons-codec:commons-codec:1.16.1=rewrite
commons-collections:commons-collections:3.2.2=checkstyle
commons-io:commons-io:2.15.1=rewrite
dev.failsafe:failsafe:3.3.2=rewrite
info.picocli:picocli:4.7.6=checkstyle
io.github.classgraph:classgraph:4.8.172=rewrite
io.github.fastfilter:fastfilter:1.0.2=rewrite
io.micrometer:micrometer-commons:1.14.14=compileClasspath,runtimeClasspath,testCompileClasspath,testRuntimeClasspath
io.micrometer:micrometer-core:1.9.17=rewrite
io.micrometer:micrometer-observation:1.14.14=compileClasspath,runtimeClasspath,testCompileClasspath,testRuntimeClasspath
io.quarkus.gizmo:gizmo:1.0.11.Final=rewrite
jakarta.activation:jakarta.activation-api:1.2.2=rewrite
jakarta.validation:jakarta.validation-api:3.0.2=compileClasspath,runtimeClasspath,testCompileClasspath,testRuntimeClasspath
jakarta.xml.bind:jakarta.xml.bind-api:2.3.3=rewrite
junit:junit:4.13.2=rewrite,testCompileClasspath,testRuntimeClasspath
net.bytebuddy:byte-buddy-agent:1.14.12=testCompileClasspath,testRuntimeClasspath
net.bytebuddy:byte-buddy:1.14.12=testCompileClasspath,testRuntimeClasspath
net.java.dev.jna:jna-platform:5.14.0=rewrite
net.java.dev.jna:jna:5.14.0=rewrite
net.sf.saxon:Saxon-HE:12.4=checkstyle
org.antlr:antlr4-runtime:4.11.1=rewrite
org.antlr:antlr4-runtime:4.13.1=checkstyle
org.apache.commons:commons-compress:1.26.1=rewrite
org.apache.commons:commons-lang3:3.14.0=rewrite
org.apache.commons:commons-lang3:3.8.1=checkstyle
org.apache.commons:commons-text:1.12.0=rewrite
org.apache.commons:commons-text:1.3=checkstyle
org.apache.httpcomponents.client5:httpclient5:5.1.3=checkstyle
org.apache.httpcomponents.core5:httpcore5-h2:5.1.3=checkstyle
org.apache.httpcomponents.core5:httpcore5:5.1.3=checkstyle
org.apache.httpcomponents:httpclient:4.5.13=checkstyle
org.apache.httpcomponents:httpcore:4.4.14=checkstyle
org.apache.maven.doxia:doxia-core:1.12.0=checkstyle
org.apache.maven.doxia:doxia-logging-api:1.12.0=checkstyle
org.apache.maven.doxia:doxia-module-xdoc:1.12.0=checkstyle
org.apache.maven.doxia:doxia-sink-api:1.12.0=checkstyle
org.apache.xbean:xbean-reflect:3.7=checkstyle
org.apiguardian:apiguardian-api:1.1.2=testCompileClasspath
org.checkerframework:checker-qual:3.19.0=rewrite
org.checkerframework:checker-qual:3.43.0=checkstyle
org.codehaus.groovy:groovy:3.0.21=rewrite
org.codehaus.plexus:plexus-classworlds:2.6.0=checkstyle
org.codehaus.plexus:plexus-component-annotations:2.1.0=checkstyle
org.codehaus.plexus:plexus-container-default:2.1.0=checkstyle
org.codehaus.plexus:plexus-utils:3.3.0=checkstyle
org.codehaus.woodstox:stax2-api:4.2.1=rewrite
org.functionaljava:functionaljava:5.0=rewrite
org.hamcrest:hamcrest-core:1.3=rewrite
org.hamcrest:hamcrest-core:2.2=testCompileClasspath,testRuntimeClasspath
org.hamcrest:hamcrest-library:2.2=testCompileClasspath,testRuntimeClasspath
org.hamcrest:hamcrest:2.2=testCompileClasspath,testRuntimeClasspath
org.hdrhistogram:HdrHistogram:2.1.12=rewrite
org.hibernate.validator:hibernate-validator:8.0.1.Final=compileClasspath,runtimeClasspath,testCompileClasspath,testRuntimeClasspath
org.jacoco:org.jacoco.agent:0.8.13=jacocoAgent,jacocoAnt
org.jacoco:org.jacoco.ant:0.8.13=jacocoAnt
org.jacoco:org.jacoco.core:0.8.13=jacocoAnt
org.jacoco:org.jacoco.report:0.8.13=jacocoAnt
org.javassist:javassist:3.28.0-GA=checkstyle
org.jboss.logging:jboss-logging:3.4.3.Final=compileClasspath,runtimeClasspath,testCompileClasspath,testRuntimeClasspath
org.jboss:jandex:2.4.2.Final=rewrite
org.jetbrains.intellij.deps:trove4j:1.0.20200330=rewrite
org.jetbrains.kotlin:kotlin-compiler-embeddable:1.9.22=rewrite
org.jetbrains.kotlin:kotlin-daemon-embeddable:1.9.22=rewrite
org.jetbrains.kotlin:kotlin-reflect:1.6.10=rewrite
org.jetbrains.kotlin:kotlin-script-runtime:1.9.22=rewrite
org.jetbrains.kotlin:kotlin-stdlib-common:1.9.10=compileClasspath,runtimeClasspath,testCompileClasspath,testRuntimeClasspath
org.jetbrains.kotlin:kotlin-stdlib-jdk7:1.9.10=compileClasspath,runtimeClasspath,testCompileClasspath,testRuntimeClasspath
org.jetbrains.kotlin:kotlin-stdlib-jdk8:1.9.10=compileClasspath,runtimeClasspath,testCompileClasspath,testRuntimeClasspath
org.jetbrains.kotlin:kotlin-stdlib:1.9.10=compileClasspath,runtimeClasspath,testCompileClasspath,testRuntimeClasspath
org.jetbrains.kotlin:kotlin-stdlib:1.9.22=rewrite
org.jetbrains:annotations:13.0=compileClasspath,runtimeClasspath,testCompileClasspath,testRuntimeClasspath
org.jetbrains:annotations:24.1.0=rewrite
org.junit.jupiter:junit-jupiter-api:5.10.2=testCompileClasspath,testRuntimeClasspath
org.junit.jupiter:junit-jupiter-engine:5.10.2=testCompileClasspath,testRuntimeClasspath
org.junit.platform:junit-platform-commons:1.10.2=testCompileClasspath,testRuntimeClasspath
org.junit.platform:junit-platform-engine:1.10.2=testCompileClasspath,testRuntimeClasspath
org.junit.platform:junit-platform-launcher:1.10.2=testCompileClasspath,testRuntimeClasspath
org.junit:junit-bom:5.10.2=testCompileClasspath,testRuntimeClasspath
org.latencyutils:LatencyUtils:2.0.3=rewrite
org.mockito:mockito-core:5.11.0=testCompileClasspath,testRuntimeClasspath
org.mockito:mockito-inline:5.2.0=testCompileClasspath,testRuntimeClasspath
org.mockito:mockito-junit-jupiter:5.11.0=testCompileClasspath,testRuntimeClasspath
org.objenesis:objenesis:3.3=testRuntimeClasspath
org.openrewrite.gradle.tooling:model:2.3.0=rewrite
org.openrewrite.meta:rewrite-analysis:2.7.2=rewrite
org.openrewrite.recipe:rewrite-github-actions:2.4.2=rewrite
org.openrewrite.recipe:rewrite-hibernate:1.5.1=rewrite
org.openrewrite.recipe:rewrite-java-dependencies:1.9.2=rewrite
org.openrewrite.recipe:rewrite-jenkins:0.6.1=rewrite
org.openrewrite.recipe:rewrite-migrate-java:2.16.0=rewrite
org.openrewrite.recipe:rewrite-openapi:0.3.2=rewrite
org.openrewrite.recipe:rewrite-recipe-bom:2.11.1=rewrite
org.openrewrite.recipe:rewrite-spring:5.11.0=rewrite
org.openrewrite.recipe:rewrite-static-analysis:1.8.1=rewrite
org.openrewrite.recipe:rewrite-testing-frameworks:2.10.1=rewrite
org.openrewrite.tools:java-object-diff:1.0.1=rewrite
org.openrewrite.tools:jgit:1.1.0=rewrite
org.openrewrite:rewrite-core:8.27.1=rewrite
org.openrewrite:rewrite-gradle:8.27.1=rewrite
org.openrewrite:rewrite-groovy:8.27.1=rewrite
org.openrewrite:rewrite-java-11:8.27.1=rewrite
org.openrewrite:rewrite-java-17:8.27.1=rewrite
org.openrewrite:rewrite-java-21:8.27.1=rewrite
org.openrewrite:rewrite-java-8:8.27.1=rewrite
org.openrewrite:rewrite-java:8.27.1=rewrite
org.openrewrite:rewrite-kotlin:1.16.2=rewrite
org.openrewrite:rewrite-maven:8.27.1=rewrite
org.openrewrite:rewrite-properties:8.27.1=rewrite
org.openrewrite:rewrite-templating:1.9.2=rewrite
org.openrewrite:rewrite-xml:8.27.1=rewrite
org.openrewrite:rewrite-yaml:8.27.1=rewrite
org.opentest4j:opentest4j:1.3.0=testCompileClasspath,testRuntimeClasspath
org.ow2.asm:asm-analysis:9.7=rewrite
org.ow2.asm:asm-commons:9.8=jacocoAnt
org.ow2.asm:asm-tree:9.7=rewrite
org.ow2.asm:asm-tree:9.8=jacocoAnt
org.ow2.asm:asm-util:9.7=rewrite
org.ow2.asm:asm:9.7=rewrite
org.ow2.asm:asm:9.8=jacocoAnt
org.reflections:reflections:0.10.2=checkstyle
org.rnorth.duct-tape:duct-tape:1.0.8=rewrite
org.slf4j:slf4j-api:1.7.36=rewrite
org.slf4j:slf4j-api:2.0.13=compileClasspath,runtimeClasspath,testCompileClasspath,testRuntimeClasspath
org.slf4j:slf4j-log4j12:2.0.13=testCompileClasspath,testRuntimeClasspath
org.slf4j:slf4j-reload4j:2.0.13=testCompileClasspath,testRuntimeClasspath
org.springframework:spring-beans:6.2.15=compileClasspath,runtimeClasspath,testCompileClasspath,testRuntimeClasspath
org.springframework:spring-core:6.2.15=compileClasspath,runtimeClasspath,testCompileClasspath,testRuntimeClasspath
org.springframework:spring-jcl:6.2.15=compileClasspath,runtimeClasspath,testCompileClasspath,testRuntimeClasspath
org.springframework:spring-test:6.2.15=testCompileClasspath,testRuntimeClasspath
org.springframework:spring-web:6.2.15=compileClasspath,runtimeClasspath,testCompileClasspath,testRuntimeClasspath
org.testcontainers:testcontainers:1.19.8=rewrite
org.xerial.snappy:snappy-java:1.1.10.5=rewrite
org.xmlresolver:xmlresolver:5.2.2=checkstyle
org.yaml:snakeyaml:2.2=rewrite
empty=annotationProcessor,testAnnotationProcessor
